
Microsoft Visual Studio Solution File, Format Version 12.00
# Visual Studio Version 17
VisualStudioVersion = 17.5.33424.131
MinimumVisualStudioVersion = 10.0.40219.1
Project("{9A19103F-16F7-4668-BE54-9A1E7A4F7556}") = "CMS_BASE_API", "CMS_BASE_API\CMS_BASE_API.csproj", "{C0785572-372A-4121-AA2E-25C997069100}"
EndProject
Project("{9A19103F-16F7-4668-BE54-9A1E7A4F7556}") = "CMS_DL", "CMS.DL\CMS_DL.csproj", "{9BA9BF9A-7DA7-4853-8EA3-2D706B3B8C73}"
EndProject
Project("{9A19103F-16F7-4668-BE54-9A1E7A4F7556}") = "CMS_BL", "CMS.BL\CMS_BL.csproj", "{20E31222-86E7-48A8-A99A-82258E913642}"
EndProject
Project("{9A19103F-16F7-4668-BE54-9A1E7A4F7556}") = "CMS_Common", "CMS.Common\CMS_Common.csproj", "{D7718868-E92E-4E84-97C4-EF2EE9B34905}"
EndProject
Project("{9A19103F-16F7-4668-BE54-9A1E7A4F7556}") = "CMS_UnitTests", "CMS.UnitTests\CMS_UnitTests.csproj", "{B700E7F2-BCC0-44B6-94FC-5DCC2A1514FE}"
EndProject
Global
	GlobalSection(SolutionConfigurationPlatforms) = preSolution
		Debug|Any CPU = Debug|Any CPU
		Release|Any CPU = Release|Any CPU
	EndGlobalSection
	GlobalSection(ProjectConfigurationPlatforms) = postSolution
		{C0785572-372A-4121-AA2E-25C997069100}.Debug|Any CPU.ActiveCfg = Debug|Any CPU
		{C0785572-372A-4121-AA2E-25C997069100}.Debug|Any CPU.Build.0 = Debug|Any CPU
		{C0785572-372A-4121-AA2E-25C997069100}.Release|Any CPU.ActiveCfg = Release|Any CPU
		{C0785572-372A-4121-AA2E-25C997069100}.Release|Any CPU.Build.0 = Release|Any CPU
		{9BA9BF9A-7DA7-4853-8EA3-2D706B3B8C73}.Debug|Any CPU.ActiveCfg = Debug|Any CPU
		{9BA9BF9A-7DA7-4853-8EA3-2D706B3B8C73}.Debug|Any CPU.Build.0 = Debug|Any CPU
		{9BA9BF9A-7DA7-4853-8EA3-2D706B3B8C73}.Release|Any CPU.ActiveCfg = Release|Any CPU
		{9BA9BF9A-7DA7-4853-8EA3-2D706B3B8C73}.Release|Any CPU.Build.0 = Release|Any CPU
		{20E31222-86E7-48A8-A99A-82258E913642}.Debug|Any CPU.ActiveCfg = Debug|Any CPU
		{20E31222-86E7-48A8-A99A-82258E913642}.Debug|Any CPU.Build.0 = Debug|Any CPU
		{20E31222-86E7-48A8-A99A-82258E913642}.Release|Any CPU.ActiveCfg = Release|Any CPU
		{20E31222-86E7-48A8-A99A-82258E913642}.Release|Any CPU.Build.0 = Release|Any CPU
		{D7718868-E92E-4E84-97C4-EF2EE9B34905}.Debug|Any CPU.ActiveCfg = Debug|Any CPU
		{D7718868-E92E-4E84-97C4-EF2EE9B34905}.Debug|Any CPU.Build.0 = Debug|Any CPU
		{D7718868-E92E-4E84-97C4-EF2EE9B34905}.Release|Any CPU.ActiveCfg = Release|Any CPU
		{D7718868-E92E-4E84-97C4-EF2EE9B34905}.Release|Any CPU.Build.0 = Release|Any CPU
		{B700E7F2-BCC0-44B6-94FC-5DCC2A1514FE}.Debug|Any CPU.ActiveCfg = Debug|Any CPU
		{B700E7F2-BCC0-44B6-94FC-5DCC2A1514FE}.Debug|Any CPU.Build.0 = Debug|Any CPU
		{B700E7F2-BCC0-44B6-94FC-5DCC2A1514FE}.Release|Any CPU.ActiveCfg = Release|Any CPU
		{B700E7F2-BCC0-44B6-94FC-5DCC2A1514FE}.Release|Any CPU.Build.0 = Release|Any CPU
	EndGlobalSection
	GlobalSection(SolutionProperties) = preSolution
		HideSolutionNode = FALSE
	EndGlobalSection
	GlobalSection(ExtensibilityGlobals) = postSolution
		SolutionGuid = {11F9C78A-7830-430D-804E-58A3E3F237AB}
	EndGlobalSection
EndGlobal
